
Microsoft Visual Studio Solution File, Format Version 12.00
# Visual Studio Version 16
VisualStudioVersion = 16.0.32930.78
MinimumVisualStudioVersion = 10.0.40219.1
Project("{9A19103F-16F7-4668-BE54-9A1E7A4F7556}") = "Server", "Server\Server.csproj", "{3FC222FE-4F7D-42E7-8811-8FB85AC17CFB}"
EndProject
Project("{9A19103F-16F7-4668-BE54-9A1E7A4F7556}") = "Odjemalec", "Odjemalec\Odjemalec.csproj", "{319D6D6E-3ACC-406E-9D95-CCCFD5EFF5F1}"
EndProject
Project("{FAE04EC0-301F-11D3-BF4B-00C04F79EFBC}") = "FenParser", "FenParser\FenParser.csproj", "{E9218437-C834-4C3C-A3DC-28AE5C9862D4}"
EndProject
Global
	GlobalSection(SolutionConfigurationPlatforms) = preSolution
		Debug|Any CPU = Debug|Any CPU
		Debug|x86 = Debug|x86
		Release|Any CPU = Release|Any CPU
		Release|x86 = Release|x86
	EndGlobalSection
	GlobalSection(ProjectConfigurationPlatforms) = postSolution
		{3FC222FE-4F7D-42E7-8811-8FB85AC17CFB}.Debug|Any CPU.ActiveCfg = Debug|Any CPU
		{3FC222FE-4F7D-42E7-8811-8FB85AC17CFB}.Debug|Any CPU.Build.0 = Debug|Any CPU
		{3FC222FE-4F7D-42E7-8811-8FB85AC17CFB}.Debug|x86.ActiveCfg = Debug|Any CPU
		{3FC222FE-4F7D-42E7-8811-8FB85AC17CFB}.Debug|x86.Build.0 = Debug|Any CPU
		{3FC222FE-4F7D-42E7-8811-8FB85AC17CFB}.Release|Any CPU.ActiveCfg = Release|Any CPU
		{3FC222FE-4F7D-42E7-8811-8FB85AC17CFB}.Release|Any CPU.Build.0 = Release|Any CPU
		{3FC222FE-4F7D-42E7-8811-8FB85AC17CFB}.Release|x86.ActiveCfg = Release|Any CPU
		{3FC222FE-4F7D-42E7-8811-8FB85AC17CFB}.Release|x86.Build.0 = Release|Any CPU
		{319D6D6E-3ACC-406E-9D95-CCCFD5EFF5F1}.Debug|Any CPU.ActiveCfg = Debug|Any CPU
		{319D6D6E-3ACC-406E-9D95-CCCFD5EFF5F1}.Debug|Any CPU.Build.0 = Debug|Any CPU
		{319D6D6E-3ACC-406E-9D95-CCCFD5EFF5F1}.Debug|x86.ActiveCfg = Debug|Any CPU
		{319D6D6E-3ACC-406E-9D95-CCCFD5EFF5F1}.Debug|x86.Build.0 = Debug|Any CPU
		{319D6D6E-3ACC-406E-9D95-CCCFD5EFF5F1}.Release|Any CPU.ActiveCfg = Release|Any CPU
		{319D6D6E-3ACC-406E-9D95-CCCFD5EFF5F1}.Release|Any CPU.Build.0 = Release|Any CPU
		{319D6D6E-3ACC-406E-9D95-CCCFD5EFF5F1}.Release|x86.ActiveCfg = Release|Any CPU
		{319D6D6E-3ACC-406E-9D95-CCCFD5EFF5F1}.Release|x86.Build.0 = Release|Any CPU
		{E9218437-C834-4C3C-A3DC-28AE5C9862D4}.Debug|Any CPU.ActiveCfg = Debug|Any CPU
		{E9218437-C834-4C3C-A3DC-28AE5C9862D4}.Debug|Any CPU.Build.0 = Debug|Any CPU
		{E9218437-C834-4C3C-A3DC-28AE5C9862D4}.Debug|x86.ActiveCfg = Debug|Any CPU
		{E9218437-C834-4C3C-A3DC-28AE5C9862D4}.Debug|x86.Build.0 = Debug|Any CPU
		{E9218437-C834-4C3C-A3DC-28AE5C9862D4}.Release|Any CPU.ActiveCfg = Release|Any CPU
		{E9218437-C834-4C3C-A3DC-28AE5C9862D4}.Release|Any CPU.Build.0 = Release|Any CPU
		{E9218437-C834-4C3C-A3DC-28AE5C9862D4}.Release|x86.ActiveCfg = Release|Any CPU
		{E9218437-C834-4C3C-A3DC-28AE5C9862D4}.Release|x86.Build.0 = Release|Any CPU
	EndGlobalSection
	GlobalSection(SolutionProperties) = preSolution
		HideSolutionNode = FALSE
	EndGlobalSection
	GlobalSection(ExtensibilityGlobals) = postSolution
		SolutionGuid = {E5D34DDC-5215-4E09-A659-0769CE344D83}
	EndGlobalSection
EndGlobal
